
Microsoft Visual Studio Solution File, Format Version 12.00
# Visual Studio 15
VisualStudioVersion = 15.0.28307.1300
MinimumVisualStudioVersion = 10.0.40219.1
Project("{FAE04EC0-301F-11D3-BF4B-00C04F79EFBC}") = "WebTraSua", "WebTraSua\WebTraSua.csproj", "{AE9407CC-F38B-4110-B5F6-AE17327E5DFD}"
EndProject
Global
	GlobalSection(SolutionConfigurationPlatforms) = preSolution
		Debug|Any CPU = Debug|Any CPU
		Release|Any CPU = Release|Any CPU
	EndGlobalSection
	GlobalSection(ProjectConfigurationPlatforms) = postSolution
		{AE9407CC-F38B-4110-B5F6-AE17327E5DFD}.Debug|Any CPU.ActiveCfg = Debug|Any CPU
		{AE9407CC-F38B-4110-B5F6-AE17327E5DFD}.Debug|Any CPU.Build.0 = Debug|Any CPU
		{AE9407CC-F38B-4110-B5F6-AE17327E5DFD}.Release|Any CPU.ActiveCfg = Release|Any CPU
		{AE9407CC-F38B-4110-B5F6-AE17327E5DFD}.Release|Any CPU.Build.0 = Release|Any CPU
	EndGlobalSection
	GlobalSection(SolutionProperties) = preSolution
		HideSolutionNode = FALSE
	EndGlobalSection
	GlobalSection(ExtensibilityGlobals) = postSolution
		SolutionGuid = {5F5473FB-B9FC-4B07-9E94-39ECEC6F4A41}
	EndGlobalSection
EndGlobal
